Microsoft Visual Studio Solution File, Format Version 12.00
# Visual Studio Version 17
VisualStudioVersion = 17.5.2.0
MinimumVisualStudioVersion = 10.0.40219.1
Project("{FAE04EC0-301F-11D3-BF4B-00C04F79EFBC}") = "AuditTrailAPI", "AuditTrailAPI\AuditTrailAPI.csproj", "{6131480F-9D12-CBEA-3F6C-F1A47BC85302}"
EndProject
Global
	GlobalSection(SolutionConfigurationPlatforms) = preSolution
		Debug|Any CPU = Debug|Any CPU
		Release|Any CPU = Release|Any CPU
	EndGlobalSection
	GlobalSection(ProjectConfigurationPlatforms) = postSolution
		{6131480F-9D12-CBEA-3F6C-F1A47BC85302}.Debug|Any CPU.ActiveCfg = Debug|Any CPU
		{6131480F-9D12-CBEA-3F6C-F1A47BC85302}.Debug|Any CPU.Build.0 = Debug|Any CPU
		{6131480F-9D12-CBEA-3F6C-F1A47BC85302}.Release|Any CPU.ActiveCfg = Release|Any CPU
		{6131480F-9D12-CBEA-3F6C-F1A47BC85302}.Release|Any CPU.Build.0 = Release|Any CPU
	EndGlobalSection
	GlobalSection(SolutionProperties) = preSolution
		HideSolutionNode = FALSE
	EndGlobalSection
	GlobalSection(ExtensibilityGlobals) = postSolution
		SolutionGuid = {B93B1D42-9D06-41B3-9FA7-335056A9B58A}
	EndGlobalSection
EndGlobal
